
Microsoft Visual Studio Solution File, Format Version 12.00
# Visual Studio Version 17
VisualStudioVersion = 17.14.36121.58
MinimumVisualStudioVersion = 10.0.40219.1
Project("{FAE04EC0-301F-11D3-BF4B-00C04F79EFBC}") = "SmartPayHub.Domain", "SmartPayHub.Domain\SmartPayHub.Domain.csproj", "{508699C1-764F-41E6-86E5-4CAB48B2E603}"
EndProject
Global
	GlobalSection(SolutionConfigurationPlatforms) = preSolution
		Debug|Any CPU = Debug|Any CPU
		Release|Any CPU = Release|Any CPU
	EndGlobalSection
	GlobalSection(ProjectConfigurationPlatforms) = postSolution
		{508699C1-764F-41E6-86E5-4CAB48B2E603}.Debug|Any CPU.ActiveCfg = Debug|Any CPU
		{508699C1-764F-41E6-86E5-4CAB48B2E603}.Debug|Any CPU.Build.0 = Debug|Any CPU
		{508699C1-764F-41E6-86E5-4CAB48B2E603}.Release|Any CPU.ActiveCfg = Release|Any CPU
		{508699C1-764F-41E6-86E5-4CAB48B2E603}.Release|Any CPU.Build.0 = Release|Any CPU
	EndGlobalSection
	GlobalSection(SolutionProperties) = preSolution
		HideSolutionNode = FALSE
	EndGlobalSection
	GlobalSection(ExtensibilityGlobals) = postSolution
		SolutionGuid = {FE927693-40A2-4F0B-9DCF-8D415F6C8C4A}
	EndGlobalSection
EndGlobal
