Microsoft Visual Studio Solution File, Format Version 12.00
# Visual Studio Version 17
VisualStudioVersion = 17.14.36121.58
MinimumVisualStudioVersion = 10.0.40219.1
Project("{FAE04EC0-301F-11D3-BF4B-00C04F79EFBC}") = "SmartPayHub.Domain", "SmartPayHub.Domain\SmartPayHub.Domain.csproj", "{508699C1-764F-41E6-86E5-4CAB48B2E603}"
EndProject
Project("{FAE04EC0-301F-11D3-BF4B-00C04F79EFBC}") = "SmartPayHub.Application", "SmartPayHub.Application\SmartPayHub.Application.csproj", "{16B210CF-05BB-4656-9CD9-8DE1B45DB42F}"
EndProject
Project("{FAE04EC0-301F-11D3-BF4B-00C04F79EFBC}") = "SmartPayHub.Data", "SmartPayHub.Data\SmartPayHub.Data.csproj", "{EFF036F4-C6FC-4ACC-87DA-EE41134FF21A}"
EndProject
Project("{2150E333-8FDC-42A3-9474-1A3956D46DE8}") = "Core", "Core", "{02EA681E-C7D8-13C7-8484-4AC65E1B71E8}"
EndProject
Project("{2150E333-8FDC-42A3-9474-1A3956D46DE8}") = "Infra", "Infra", "{743BF4EF-7C44-497A-88BB-E24156184304}"
EndProject
Project("{FAE04EC0-301F-11D3-BF4B-00C04F79EFBC}") = "SmartPayHub.Http", "SmartPayHub.Http\SmartPayHub.Http.csproj", "{D9A0BBC6-9AF0-4616-8BE7-79ACCEC372C9}"
EndProject
Project("{FAE04EC0-301F-11D3-BF4B-00C04F79EFBC}") = "SmartPayHub.IoC", "SmartPayHub.IoC\SmartPayHub.IoC.csproj", "{A26A407B-BBC5-44D7-B868-19DAA335FC82}"
EndProject
Project("{FAE04EC0-301F-11D3-BF4B-00C04F79EFBC}") = "SmartPayHub.Configuration", "SmartPayHub.Configuration\SmartPayHub.Configuration.csproj", "{7633A107-C9B0-40AC-B5F9-A56F9A22BB59}"
EndProject
Global
	GlobalSection(SolutionConfigurationPlatforms) = preSolution
		Debug|Any CPU = Debug|Any CPU
		Release|Any CPU = Release|Any CPU
	EndGlobalSection
	GlobalSection(ProjectConfigurationPlatforms) = postSolution
		{508699C1-764F-41E6-86E5-4CAB48B2E603}.Debug|Any CPU.ActiveCfg = Debug|Any CPU
		{508699C1-764F-41E6-86E5-4CAB48B2E603}.Debug|Any CPU.Build.0 = Debug|Any CPU
		{508699C1-764F-41E6-86E5-4CAB48B2E603}.Release|Any CPU.ActiveCfg = Release|Any CPU
		{508699C1-764F-41E6-86E5-4CAB48B2E603}.Release|Any CPU.Build.0 = Release|Any CPU
		{16B210CF-05BB-4656-9CD9-8DE1B45DB42F}.Debug|Any CPU.ActiveCfg = Debug|Any CPU
		{16B210CF-05BB-4656-9CD9-8DE1B45DB42F}.Debug|Any CPU.Build.0 = Debug|Any CPU
		{16B210CF-05BB-4656-9CD9-8DE1B45DB42F}.Release|Any CPU.ActiveCfg = Release|Any CPU
		{16B210CF-05BB-4656-9CD9-8DE1B45DB42F}.Release|Any CPU.Build.0 = Release|Any CPU
		{EFF036F4-C6FC-4ACC-87DA-EE41134FF21A}.Debug|Any CPU.ActiveCfg = Debug|Any CPU
		{EFF036F4-C6FC-4ACC-87DA-EE41134FF21A}.Debug|Any CPU.Build.0 = Debug|Any CPU
		{EFF036F4-C6FC-4ACC-87DA-EE41134FF21A}.Release|Any CPU.ActiveCfg = Release|Any CPU
		{EFF036F4-C6FC-4ACC-87DA-EE41134FF21A}.Release|Any CPU.Build.0 = Release|Any CPU
		{D9A0BBC6-9AF0-4616-8BE7-79ACCEC372C9}.Debug|Any CPU.ActiveCfg = Debug|Any CPU
		{D9A0BBC6-9AF0-4616-8BE7-79ACCEC372C9}.Debug|Any CPU.Build.0 = Debug|Any CPU
		{D9A0BBC6-9AF0-4616-8BE7-79ACCEC372C9}.Release|Any CPU.ActiveCfg = Release|Any CPU
		{D9A0BBC6-9AF0-4616-8BE7-79ACCEC372C9}.Release|Any CPU.Build.0 = Release|Any CPU
		{A26A407B-BBC5-44D7-B868-19DAA335FC82}.Debug|Any CPU.ActiveCfg = Debug|Any CPU
		{A26A407B-BBC5-44D7-B868-19DAA335FC82}.Debug|Any CPU.Build.0 = Debug|Any CPU
		{A26A407B-BBC5-44D7-B868-19DAA335FC82}.Release|Any CPU.ActiveCfg = Release|Any CPU
		{A26A407B-BBC5-44D7-B868-19DAA335FC82}.Release|Any CPU.Build.0 = Release|Any CPU
		{7633A107-C9B0-40AC-B5F9-A56F9A22BB59}.Debug|Any CPU.ActiveCfg = Debug|Any CPU
		{7633A107-C9B0-40AC-B5F9-A56F9A22BB59}.Debug|Any CPU.Build.0 = Debug|Any CPU
		{7633A107-C9B0-40AC-B5F9-A56F9A22BB59}.Release|Any CPU.ActiveCfg = Release|Any CPU
		{7633A107-C9B0-40AC-B5F9-A56F9A22BB59}.Release|Any CPU.Build.0 = Release|Any CPU
	EndGlobalSection
	GlobalSection(SolutionProperties) = preSolution
		HideSolutionNode = FALSE
	EndGlobalSection
	GlobalSection(NestedProjects) = preSolution
		{508699C1-764F-41E6-86E5-4CAB48B2E603} = {02EA681E-C7D8-13C7-8484-4AC65E1B71E8}
		{16B210CF-05BB-4656-9CD9-8DE1B45DB42F} = {02EA681E-C7D8-13C7-8484-4AC65E1B71E8}
		{EFF036F4-C6FC-4ACC-87DA-EE41134FF21A} = {743BF4EF-7C44-497A-88BB-E24156184304}
		{D9A0BBC6-9AF0-4616-8BE7-79ACCEC372C9} = {743BF4EF-7C44-497A-88BB-E24156184304}
		{A26A407B-BBC5-44D7-B868-19DAA335FC82} = {743BF4EF-7C44-497A-88BB-E24156184304}
		{7633A107-C9B0-40AC-B5F9-A56F9A22BB59} = {743BF4EF-7C44-497A-88BB-E24156184304}
	EndGlobalSection
	GlobalSection(ExtensibilityGlobals) = postSolution
		SolutionGuid = {FE927693-40A2-4F0B-9DCF-8D415F6C8C4A}
	EndGlobalSection
EndGlobal
